
Microsoft Visual Studio Solution File, Format Version 12.00
# Visual Studio 15
Project("{FAE04EC0-301F-11D3-BF4B-00C04F79EFBC}") = "omnigage-imports", "omnigage-imports\omnigage-imports.csproj", "{DBC76ABA-6D7B-4DDC-B010-209C42D34AE5}"
EndProject
Global
	GlobalSection(SolutionConfigurationPlatforms) = preSolution
		Debug|Any CPU = Debug|Any CPU
		Release|Any CPU = Release|Any CPU
	EndGlobalSection
	GlobalSection(ProjectConfigurationPlatforms) = postSolution
		{DBC76ABA-6D7B-4DDC-B010-209C42D34AE5}.Debug|Any CPU.ActiveCfg = Debug|Any CPU
		{DBC76ABA-6D7B-4DDC-B010-209C42D34AE5}.Debug|Any CPU.Build.0 = Debug|Any CPU
		{DBC76ABA-6D7B-4DDC-B010-209C42D34AE5}.Release|Any CPU.ActiveCfg = Release|Any CPU
		{DBC76ABA-6D7B-4DDC-B010-209C42D34AE5}.Release|Any CPU.Build.0 = Release|Any CPU
	EndGlobalSection
EndGlobal
